
Microsoft Visual Studio Solution File, Format Version 12.00
# Visual Studio Version 16
VisualStudioVersion = 16.0.32106.194
MinimumVisualStudioVersion = 10.0.40219.1
Project("{FAE04EC0-301F-11D3-BF4B-00C04F79EFBC}") = "GlobalDatabaseConnector", "GlobalDatabaseConnector\GlobalDatabaseConnector.csproj", "{18A697DC-5F8B-4D6C-A602-1B69BC326ECF}"
EndProject
Global
	GlobalSection(SolutionConfigurationPlatforms) = preSolution
		Debug|Any CPU = Debug|Any CPU
		Release|Any CPU = Release|Any CPU
	EndGlobalSection
	GlobalSection(ProjectConfigurationPlatforms) = postSolution
		{18A697DC-5F8B-4D6C-A602-1B69BC326ECF}.Debug|Any CPU.ActiveCfg = Debug|Any CPU
		{18A697DC-5F8B-4D6C-A602-1B69BC326ECF}.Debug|Any CPU.Build.0 = Debug|Any CPU
		{18A697DC-5F8B-4D6C-A602-1B69BC326ECF}.Release|Any CPU.ActiveCfg = Release|Any CPU
		{18A697DC-5F8B-4D6C-A602-1B69BC326ECF}.Release|Any CPU.Build.0 = Release|Any CPU
	EndGlobalSection
	GlobalSection(SolutionProperties) = preSolution
		HideSolutionNode = FALSE
	EndGlobalSection
	GlobalSection(ExtensibilityGlobals) = postSolution
		SolutionGuid = {CAA63581-DF9F-47DD-A6E0-873200EABA6B}
	EndGlobalSection
EndGlobal
